
Microsoft Visual Studio Solution File, Format Version 12.00
# Visual Studio Version 16
VisualStudioVersion = 16.0.31105.61
MinimumVisualStudioVersion = 10.0.40219.1
Project("{FAE04EC0-301F-11D3-BF4B-00C04F79EFBC}") = "AkbasTest", "AkbasTest\AkbasTest.csproj", "{24397503-531C-46A2-B1AB-25367E4CFBCC}"
EndProject
Global
	GlobalSection(SolutionConfigurationPlatforms) = preSolution
		Debug|Any CPU = Debug|Any CPU
		Release|Any CPU = Release|Any CPU
	EndGlobalSection
	GlobalSection(ProjectConfigurationPlatforms) = postSolution
		{24397503-531C-46A2-B1AB-25367E4CFBCC}.Debug|Any CPU.ActiveCfg = Debug|Any CPU
		{24397503-531C-46A2-B1AB-25367E4CFBCC}.Debug|Any CPU.Build.0 = Debug|Any CPU
		{24397503-531C-46A2-B1AB-25367E4CFBCC}.Release|Any CPU.ActiveCfg = Release|Any CPU
		{24397503-531C-46A2-B1AB-25367E4CFBCC}.Release|Any CPU.Build.0 = Release|Any CPU
	EndGlobalSection
	GlobalSection(SolutionProperties) = preSolution
		HideSolutionNode = FALSE
	EndGlobalSection
	GlobalSection(ExtensibilityGlobals) = postSolution
		SolutionGuid = {4C9EE211-49B3-4344-A2F5-0987F8B94B53}
	EndGlobalSection
EndGlobal
